
Microsoft Visual Studio Solution File, Format Version 12.00
# Visual Studio Version 16
VisualStudioVersion = 16.0.30011.22
MinimumVisualStudioVersion = 10.0.40219.1
Project("{FAE04EC0-301F-11D3-BF4B-00C04F79EFBC}") = "CatAPI", "CatAPI\CatAPI.csproj", "{DEEADE02-D07D-4CF0-A571-50A449948207}"
EndProject
Project("{FAE04EC0-301F-11D3-BF4B-00C04F79EFBC}") = "CatAPIModel", "CatAPIModel\CatAPIModel.csproj", "{228AEBA7-29F1-4A7A-8C59-E003FA0D7B13}"
EndProject
Project("{FAE04EC0-301F-11D3-BF4B-00C04F79EFBC}") = "CatAPIController", "CatAPIController\CatAPIController.csproj", "{D39D9795-F402-4555-A1B2-7243BABF7F7D}"
EndProject
Project("{FAE04EC0-301F-11D3-BF4B-00C04F79EFBC}") = "CatAPIView", "CatAPIView\CatAPIView.csproj", "{55D8DE2F-20F7-497D-B9B2-5CEF21FB206F}"
EndProject
Global
	GlobalSection(SolutionConfigurationPlatforms) = preSolution
		Debug|Any CPU = Debug|Any CPU
		Release|Any CPU = Release|Any CPU
	EndGlobalSection
	GlobalSection(ProjectConfigurationPlatforms) = postSolution
		{DEEADE02-D07D-4CF0-A571-50A449948207}.Debug|Any CPU.ActiveCfg = Debug|Any CPU
		{DEEADE02-D07D-4CF0-A571-50A449948207}.Debug|Any CPU.Build.0 = Debug|Any CPU
		{DEEADE02-D07D-4CF0-A571-50A449948207}.Release|Any CPU.ActiveCfg = Release|Any CPU
		{DEEADE02-D07D-4CF0-A571-50A449948207}.Release|Any CPU.Build.0 = Release|Any CPU
		{228AEBA7-29F1-4A7A-8C59-E003FA0D7B13}.Debug|Any CPU.ActiveCfg = Debug|Any CPU
		{228AEBA7-29F1-4A7A-8C59-E003FA0D7B13}.Debug|Any CPU.Build.0 = Debug|Any CPU
		{228AEBA7-29F1-4A7A-8C59-E003FA0D7B13}.Release|Any CPU.ActiveCfg = Release|Any CPU
		{228AEBA7-29F1-4A7A-8C59-E003FA0D7B13}.Release|Any CPU.Build.0 = Release|Any CPU
		{D39D9795-F402-4555-A1B2-7243BABF7F7D}.Debug|Any CPU.ActiveCfg = Debug|Any CPU
		{D39D9795-F402-4555-A1B2-7243BABF7F7D}.Debug|Any CPU.Build.0 = Debug|Any CPU
		{D39D9795-F402-4555-A1B2-7243BABF7F7D}.Release|Any CPU.ActiveCfg = Release|Any CPU
		{D39D9795-F402-4555-A1B2-7243BABF7F7D}.Release|Any CPU.Build.0 = Release|Any CPU
		{55D8DE2F-20F7-497D-B9B2-5CEF21FB206F}.Debug|Any CPU.ActiveCfg = Debug|Any CPU
		{55D8DE2F-20F7-497D-B9B2-5CEF21FB206F}.Debug|Any CPU.Build.0 = Debug|Any CPU
		{55D8DE2F-20F7-497D-B9B2-5CEF21FB206F}.Release|Any CPU.ActiveCfg = Release|Any CPU
		{55D8DE2F-20F7-497D-B9B2-5CEF21FB206F}.Release|Any CPU.Build.0 = Release|Any CPU
	EndGlobalSection
	GlobalSection(SolutionProperties) = preSolution
		HideSolutionNode = FALSE
	EndGlobalSection
	GlobalSection(ExtensibilityGlobals) = postSolution
		SolutionGuid = {91C51CA2-2158-4F8D-92DB-D08A4F5E189E}
	EndGlobalSection
EndGlobal
