
Microsoft Visual Studio Solution File, Format Version 12.00
# Visual Studio Version 16
VisualStudioVersion = 16.0.30011.22
MinimumVisualStudioVersion = 10.0.40219.1
Project("{9A19103F-16F7-4668-BE54-9A1E7A4F7556}") = "lab_28_tasks", "lab_28_tasks\lab_28_tasks.csproj", "{35E91E74-7475-46AE-BB4F-36726ECC1D7A}"
EndProject
Project("{9A19103F-16F7-4668-BE54-9A1E7A4F7556}") = "lab_26_delegates", "lab_26_delegates\lab_26_delegates.csproj", "{1A734758-AC3F-4252-8984-2828058D2705}"
EndProject
Project("{9A19103F-16F7-4668-BE54-9A1E7A4F7556}") = "lab_26b_delegates", "lab_26b_delegates\lab_26b_delegates.csproj", "{68C4A371-4B3D-4161-8DFB-96AD482D856F}"
EndProject
Project("{9A19103F-16F7-4668-BE54-9A1E7A4F7556}") = "lab_26c_delegates", "lab_26c_delegates\lab_26c_delegates.csproj", "{2AB89C00-0C0D-4B59-9DED-486CA5BEBF5E}"
EndProject
Project("{9A19103F-16F7-4668-BE54-9A1E7A4F7556}") = "lab_27_basic_events", "lab_27_basic_events\lab_27_basic_events.csproj", "{30A684BB-1C93-47A0-A895-CDAF350F4B49}"
EndProject
Project("{9A19103F-16F7-4668-BE54-9A1E7A4F7556}") = "lab_27b_oop_events", "lab_27b_oop_events\lab_27b_oop_events.csproj", "{344B6BAA-3E14-489A-B504-8CE1F4D5D68F}"
EndProject
Project("{9A19103F-16F7-4668-BE54-9A1E7A4F7556}") = "lab_28b_task_array", "lab_28b_task_array\lab_28b_task_array.csproj", "{5A66FE2D-E590-40F4-967B-0BA8A7200BE9}"
EndProject
Project("{9A19103F-16F7-4668-BE54-9A1E7A4F7556}") = "lab_28c_task_parallel_processing", "lab_28c_task_parallel_processing\lab_28c_task_parallel_processing.csproj", "{BE81C811-6D1D-49C4-A045-5638719D707E}"
EndProject
Project("{9A19103F-16F7-4668-BE54-9A1E7A4F7556}") = "lab_29_async_await", "lab_29_async_await\lab_29_async_await.csproj", "{9E033AC6-E49C-4BA2-9095-3837CB6D7F33}"
EndProject
Project("{9A19103F-16F7-4668-BE54-9A1E7A4F7556}") = "lab_30_http", "lab_30_http\lab_30_http.csproj", "{ED7D01A8-240B-4EE1-9B21-05B8CD0E8ACA}"
EndProject
Project("{9A19103F-16F7-4668-BE54-9A1E7A4F7556}") = "lab_30a_http_deserialise_to_json", "lab_30a_http_deserialise_to_json\lab_30a_http_deserialise_to_json.csproj", "{8D90C4A4-874E-42F7-9AC2-976ABABB0FDC}"
EndProject
Project("{FAE04EC0-301F-11D3-BF4B-00C04F79EFBC}") = "lab_31_api_code_first", "lab_31_api_code_first\lab_31_api_code_first.csproj", "{54C166D6-D5D3-4533-AD2A-3CA69223B8EF}"
EndProject
Project("{FAE04EC0-301F-11D3-BF4B-00C04F79EFBC}") = "lab_32_entity_code_first", "lab_32_entity_code_first\lab_32_entity_code_first.csproj", "{BE35AF5F-A155-44D8-A5F2-046FA8743AD7}"
EndProject
Global
	GlobalSection(SolutionConfigurationPlatforms) = preSolution
		Debug|Any CPU = Debug|Any CPU
		Release|Any CPU = Release|Any CPU
	EndGlobalSection
	GlobalSection(ProjectConfigurationPlatforms) = postSolution
		{35E91E74-7475-46AE-BB4F-36726ECC1D7A}.Debug|Any CPU.ActiveCfg = Debug|Any CPU
		{35E91E74-7475-46AE-BB4F-36726ECC1D7A}.Debug|Any CPU.Build.0 = Debug|Any CPU
		{35E91E74-7475-46AE-BB4F-36726ECC1D7A}.Release|Any CPU.ActiveCfg = Release|Any CPU
		{35E91E74-7475-46AE-BB4F-36726ECC1D7A}.Release|Any CPU.Build.0 = Release|Any CPU
		{1A734758-AC3F-4252-8984-2828058D2705}.Debug|Any CPU.ActiveCfg = Debug|Any CPU
		{1A734758-AC3F-4252-8984-2828058D2705}.Debug|Any CPU.Build.0 = Debug|Any CPU
		{1A734758-AC3F-4252-8984-2828058D2705}.Release|Any CPU.ActiveCfg = Release|Any CPU
		{1A734758-AC3F-4252-8984-2828058D2705}.Release|Any CPU.Build.0 = Release|Any CPU
		{68C4A371-4B3D-4161-8DFB-96AD482D856F}.Debug|Any CPU.ActiveCfg = Debug|Any CPU
		{68C4A371-4B3D-4161-8DFB-96AD482D856F}.Debug|Any CPU.Build.0 = Debug|Any CPU
		{68C4A371-4B3D-4161-8DFB-96AD482D856F}.Release|Any CPU.ActiveCfg = Release|Any CPU
		{68C4A371-4B3D-4161-8DFB-96AD482D856F}.Release|Any CPU.Build.0 = Release|Any CPU
		{2AB89C00-0C0D-4B59-9DED-486CA5BEBF5E}.Debug|Any CPU.ActiveCfg = Debug|Any CPU
		{2AB89C00-0C0D-4B59-9DED-486CA5BEBF5E}.Debug|Any CPU.Build.0 = Debug|Any CPU
		{2AB89C00-0C0D-4B59-9DED-486CA5BEBF5E}.Release|Any CPU.ActiveCfg = Release|Any CPU
		{2AB89C00-0C0D-4B59-9DED-486CA5BEBF5E}.Release|Any CPU.Build.0 = Release|Any CPU
		{30A684BB-1C93-47A0-A895-CDAF350F4B49}.Debug|Any CPU.ActiveCfg = Debug|Any CPU
		{30A684BB-1C93-47A0-A895-CDAF350F4B49}.Debug|Any CPU.Build.0 = Debug|Any CPU
		{30A684BB-1C93-47A0-A895-CDAF350F4B49}.Release|Any CPU.ActiveCfg = Release|Any CPU
		{30A684BB-1C93-47A0-A895-CDAF350F4B49}.Release|Any CPU.Build.0 = Release|Any CPU
		{344B6BAA-3E14-489A-B504-8CE1F4D5D68F}.Debug|Any CPU.ActiveCfg = Debug|Any CPU
		{344B6BAA-3E14-489A-B504-8CE1F4D5D68F}.Debug|Any CPU.Build.0 = Debug|Any CPU
		{344B6BAA-3E14-489A-B504-8CE1F4D5D68F}.Release|Any CPU.ActiveCfg = Release|Any CPU
		{344B6BAA-3E14-489A-B504-8CE1F4D5D68F}.Release|Any CPU.Build.0 = Release|Any CPU
		{5A66FE2D-E590-40F4-967B-0BA8A7200BE9}.Debug|Any CPU.ActiveCfg = Debug|Any CPU
		{5A66FE2D-E590-40F4-967B-0BA8A7200BE9}.Debug|Any CPU.Build.0 = Debug|Any CPU
		{5A66FE2D-E590-40F4-967B-0BA8A7200BE9}.Release|Any CPU.ActiveCfg = Release|Any CPU
		{5A66FE2D-E590-40F4-967B-0BA8A7200BE9}.Release|Any CPU.Build.0 = Release|Any CPU
		{BE81C811-6D1D-49C4-A045-5638719D707E}.Debug|Any CPU.ActiveCfg = Debug|Any CPU
		{BE81C811-6D1D-49C4-A045-5638719D707E}.Debug|Any CPU.Build.0 = Debug|Any CPU
		{BE81C811-6D1D-49C4-A045-5638719D707E}.Release|Any CPU.ActiveCfg = Release|Any CPU
		{BE81C811-6D1D-49C4-A045-5638719D707E}.Release|Any CPU.Build.0 = Release|Any CPU
		{9E033AC6-E49C-4BA2-9095-3837CB6D7F33}.Debug|Any CPU.ActiveCfg = Debug|Any CPU
		{9E033AC6-E49C-4BA2-9095-3837CB6D7F33}.Debug|Any CPU.Build.0 = Debug|Any CPU
		{9E033AC6-E49C-4BA2-9095-3837CB6D7F33}.Release|Any CPU.ActiveCfg = Release|Any CPU
		{9E033AC6-E49C-4BA2-9095-3837CB6D7F33}.Release|Any CPU.Build.0 = Release|Any CPU
		{ED7D01A8-240B-4EE1-9B21-05B8CD0E8ACA}.Debug|Any CPU.ActiveCfg = Debug|Any CPU
		{ED7D01A8-240B-4EE1-9B21-05B8CD0E8ACA}.Debug|Any CPU.Build.0 = Debug|Any CPU
		{ED7D01A8-240B-4EE1-9B21-05B8CD0E8ACA}.Release|Any CPU.ActiveCfg = Release|Any CPU
		{ED7D01A8-240B-4EE1-9B21-05B8CD0E8ACA}.Release|Any CPU.Build.0 = Release|Any CPU
		{8D90C4A4-874E-42F7-9AC2-976ABABB0FDC}.Debug|Any CPU.ActiveCfg = Debug|Any CPU
		{8D90C4A4-874E-42F7-9AC2-976ABABB0FDC}.Debug|Any CPU.Build.0 = Debug|Any CPU
		{8D90C4A4-874E-42F7-9AC2-976ABABB0FDC}.Release|Any CPU.ActiveCfg = Release|Any CPU
		{8D90C4A4-874E-42F7-9AC2-976ABABB0FDC}.Release|Any CPU.Build.0 = Release|Any CPU
		{54C166D6-D5D3-4533-AD2A-3CA69223B8EF}.Debug|Any CPU.ActiveCfg = Debug|Any CPU
		{54C166D6-D5D3-4533-AD2A-3CA69223B8EF}.Debug|Any CPU.Build.0 = Debug|Any CPU
		{54C166D6-D5D3-4533-AD2A-3CA69223B8EF}.Release|Any CPU.ActiveCfg = Release|Any CPU
		{54C166D6-D5D3-4533-AD2A-3CA69223B8EF}.Release|Any CPU.Build.0 = Release|Any CPU
		{BE35AF5F-A155-44D8-A5F2-046FA8743AD7}.Debug|Any CPU.ActiveCfg = Debug|Any CPU
		{BE35AF5F-A155-44D8-A5F2-046FA8743AD7}.Debug|Any CPU.Build.0 = Debug|Any CPU
		{BE35AF5F-A155-44D8-A5F2-046FA8743AD7}.Release|Any CPU.ActiveCfg = Release|Any CPU
		{BE35AF5F-A155-44D8-A5F2-046FA8743AD7}.Release|Any CPU.Build.0 = Release|Any CPU
	EndGlobalSection
	GlobalSection(SolutionProperties) = preSolution
		HideSolutionNode = FALSE
	EndGlobalSection
	GlobalSection(ExtensibilityGlobals) = postSolution
		SolutionGuid = {FA90AFF9-821D-46E9-BD78-9FCF169F4DA4}
	EndGlobalSection
EndGlobal
